{
    "name": "angular-templates-code-coverage-test",
    "version": "1.0.0",
    "lockfileVersion": 1,
    "requires": true,
    "dependencies": {
        "@angular/core": {
            "version": "9.1.13",
            "resolved": "https://registry.npmjs.org/@angular/core/-/core-9.1.13.tgz",
            "integrity": "sha512-mBm24Q9GjkAsxMAzqQ86U1078+yTEpr0+syMEruUtJ0HUH6Fzn3J+6xTLb+BVcGb9RkCkFaV9T5mcn6ZM0f++g=="
        },
        "@angular/platform-browser": {
            "version": "9.1.13",
            "resolved": "https://registry.npmjs.org/@angular/platform-browser/-/platform-browser-9.1.13.tgz",
            "integrity": "sha512-F3iTz1zNbtrs7KFKUxbj8qmTsd/fiuTNcpBExjE5TtatRiE6J8vNvN1+Z/1FgPe0UXBSdTzSwZ8/RxWKw20RMw=="
        },
        "@types/jasmine": {
            "version": "2.8.17",
            "resolved": "https://registry.npmjs.org/@types/jasmine/-/jasmine-2.8.17.tgz",
            "integrity": "sha512-lXmY2lBjE38ASvP7ah38yZwXCdc7DTCKhHqx4J3WGNiVzp134U0BD9VKdL5x9q9AAfhnpJeQr4owL6ZOXhOpfA==",
            "dev": true
        },
        "@types/node": {
            "version": "12.19.11",
            "resolved": "https://registry.npmjs.org/@types/node/-/node-12.19.11.tgz",
            "integrity": "sha512-bwVfNTFZOrGXyiQ6t4B9sZerMSShWNsGRw8tC5DY1qImUNczS9SjT4G6PnzjCnxsu5Ubj6xjL2lgwddkxtQl5w==",
            "dev": true
        },
        "angular-templates-code-coverage": {
            "version": "3.1.12",
            "resolved": "http://localhost:4873/angular-templates-code-coverage/-/angular-templates-code-coverage-3.1.12.tgz",
            "integrity": "sha512-nGAKVgReTL2vz+nk2kIS6uyIwuw9ksSXQjXn2dFT3LO5AIwaq7Y3kmK7ljNyEp3z8AybkSTD/d1WEMDy5frz8g=="
        }
    }
}
